
Microsoft Visual Studio Solution File, Format Version 12.00
# Visual Studio Version 17
VisualStudioVersion = 17.9.34723.18
MinimumVisualStudioVersion = 10.0.40219.1
Project("{FAE04EC0-301F-11D3-BF4B-00C04F79EFBC}") = "Sistema Financeiro", "ProjetoUNIFOA\Sistema Financeiro.csproj", "{BE62A8A4-4364-4417-BD4B-2CC845577336}"
EndProject
Project("{FAE04EC0-301F-11D3-BF4B-00C04F79EFBC}") = "Teste Financeiro", "Teste Financeiro\Teste Financeiro.csproj", "{52535AED-C9A8-4DF9-9E3E-0864067248D9}"
EndProject
Global
	GlobalSection(SolutionConfigurationPlatforms) = preSolution
		Debug|Any CPU = Debug|Any CPU
		Release|Any CPU = Release|Any CPU
	EndGlobalSection
	GlobalSection(ProjectConfigurationPlatforms) = postSolution
		{BE62A8A4-4364-4417-BD4B-2CC845577336}.Debug|Any CPU.ActiveCfg = Debug|Any CPU
		{BE62A8A4-4364-4417-BD4B-2CC845577336}.Debug|Any CPU.Build.0 = Debug|Any CPU
		{BE62A8A4-4364-4417-BD4B-2CC845577336}.Release|Any CPU.ActiveCfg = Release|Any CPU
		{BE62A8A4-4364-4417-BD4B-2CC845577336}.Release|Any CPU.Build.0 = Release|Any CPU
		{52535AED-C9A8-4DF9-9E3E-0864067248D9}.Debug|Any CPU.ActiveCfg = Debug|Any CPU
		{52535AED-C9A8-4DF9-9E3E-0864067248D9}.Debug|Any CPU.Build.0 = Debug|Any CPU
		{52535AED-C9A8-4DF9-9E3E-0864067248D9}.Release|Any CPU.ActiveCfg = Release|Any CPU
		{52535AED-C9A8-4DF9-9E3E-0864067248D9}.Release|Any CPU.Build.0 = Release|Any CPU
	EndGlobalSection
	GlobalSection(SolutionProperties) = preSolution
		HideSolutionNode = FALSE
	EndGlobalSection
	GlobalSection(ExtensibilityGlobals) = postSolution
		SolutionGuid = {C733A5B4-C6E1-4B94-AD7E-34BCE596C0AD}
	EndGlobalSection
EndGlobal
